
Microsoft Visual Studio Solution File, Format Version 12.00
# Visual Studio Version 17
VisualStudioVersion = 17.2.32630.192
MinimumVisualStudioVersion = 10.0.40219.1
Project("{9A19103F-16F7-4668-BE54-9A1E7A4F7556}") = "OronaServicesAPI", "OronaServicesAPI\OronaServicesAPI.csproj", "{255DB0D7-C4B4-4C64-B6BE-43C4128E399C}"
EndProject
Project("{9A19103F-16F7-4668-BE54-9A1E7A4F7556}") = "Contracts", "Contracts\Contracts.csproj", "{4794BAEB-F22E-4EF9-AC2D-1FEAD2C97AC2}"
EndProject
Project("{9A19103F-16F7-4668-BE54-9A1E7A4F7556}") = "LoggerService", "LoggerService\LoggerService.csproj", "{19F06C3B-1F61-4364-B036-F02D1F1A4BD7}"
EndProject
Project("{9A19103F-16F7-4668-BE54-9A1E7A4F7556}") = "Entities", "Entities\Entities.csproj", "{102BF761-7975-4B33-A6E2-400A2691E07F}"
EndProject
Project("{9A19103F-16F7-4668-BE54-9A1E7A4F7556}") = "Repository", "Repository\Repository.csproj", "{72013B90-B8A0-478C-8F53-90EC9193D751}"
EndProject
Project("{FAE04EC0-301F-11D3-BF4B-00C04F79EFBC}") = "oronaServicesUI", "oronaServicesUI\oronaServicesUI.csproj", "{E0C7CD20-57A0-439E-A9D7-693A4A0277D9}"
EndProject
Global
	GlobalSection(SolutionConfigurationPlatforms) = preSolution
		Debug|Any CPU = Debug|Any CPU
		Release|Any CPU = Release|Any CPU
	EndGlobalSection
	GlobalSection(ProjectConfigurationPlatforms) = postSolution
		{255DB0D7-C4B4-4C64-B6BE-43C4128E399C}.Debug|Any CPU.ActiveCfg = Debug|Any CPU
		{255DB0D7-C4B4-4C64-B6BE-43C4128E399C}.Debug|Any CPU.Build.0 = Debug|Any CPU
		{255DB0D7-C4B4-4C64-B6BE-43C4128E399C}.Release|Any CPU.ActiveCfg = Release|Any CPU
		{255DB0D7-C4B4-4C64-B6BE-43C4128E399C}.Release|Any CPU.Build.0 = Release|Any CPU
		{4794BAEB-F22E-4EF9-AC2D-1FEAD2C97AC2}.Debug|Any CPU.ActiveCfg = Debug|Any CPU
		{4794BAEB-F22E-4EF9-AC2D-1FEAD2C97AC2}.Debug|Any CPU.Build.0 = Debug|Any CPU
		{4794BAEB-F22E-4EF9-AC2D-1FEAD2C97AC2}.Release|Any CPU.ActiveCfg = Release|Any CPU
		{4794BAEB-F22E-4EF9-AC2D-1FEAD2C97AC2}.Release|Any CPU.Build.0 = Release|Any CPU
		{19F06C3B-1F61-4364-B036-F02D1F1A4BD7}.Debug|Any CPU.ActiveCfg = Debug|Any CPU
		{19F06C3B-1F61-4364-B036-F02D1F1A4BD7}.Debug|Any CPU.Build.0 = Debug|Any CPU
		{19F06C3B-1F61-4364-B036-F02D1F1A4BD7}.Release|Any CPU.ActiveCfg = Release|Any CPU
		{19F06C3B-1F61-4364-B036-F02D1F1A4BD7}.Release|Any CPU.Build.0 = Release|Any CPU
		{102BF761-7975-4B33-A6E2-400A2691E07F}.Debug|Any CPU.ActiveCfg = Debug|Any CPU
		{102BF761-7975-4B33-A6E2-400A2691E07F}.Debug|Any CPU.Build.0 = Debug|Any CPU
		{102BF761-7975-4B33-A6E2-400A2691E07F}.Release|Any CPU.ActiveCfg = Release|Any CPU
		{102BF761-7975-4B33-A6E2-400A2691E07F}.Release|Any CPU.Build.0 = Release|Any CPU
		{72013B90-B8A0-478C-8F53-90EC9193D751}.Debug|Any CPU.ActiveCfg = Debug|Any CPU
		{72013B90-B8A0-478C-8F53-90EC9193D751}.Debug|Any CPU.Build.0 = Debug|Any CPU
		{72013B90-B8A0-478C-8F53-90EC9193D751}.Release|Any CPU.ActiveCfg = Release|Any CPU
		{72013B90-B8A0-478C-8F53-90EC9193D751}.Release|Any CPU.Build.0 = Release|Any CPU
		{E0C7CD20-57A0-439E-A9D7-693A4A0277D9}.Debug|Any CPU.ActiveCfg = Debug|Any CPU
		{E0C7CD20-57A0-439E-A9D7-693A4A0277D9}.Debug|Any CPU.Build.0 = Debug|Any CPU
		{E0C7CD20-57A0-439E-A9D7-693A4A0277D9}.Release|Any CPU.ActiveCfg = Release|Any CPU
		{E0C7CD20-57A0-439E-A9D7-693A4A0277D9}.Release|Any CPU.Build.0 = Release|Any CPU
	EndGlobalSection
	GlobalSection(SolutionProperties) = preSolution
		HideSolutionNode = FALSE
	EndGlobalSection
	GlobalSection(ExtensibilityGlobals) = postSolution
		SolutionGuid = {EF67B843-B2C2-48B5-835D-6F6AE15C5937}
	EndGlobalSection
EndGlobal
